<Solution>
  <Project Path="ConsoleTask/ConsoleTask.csproj" Id="6589267e-a22e-4702-b945-ba27009b9807" />
  <Project Path="OracleLibrary/OracleLibrary.csproj" Id="ab440d3e-2cb2-46b7-a281-5f27fbf37bfd" />
  <Project Path="OracleWF/OracleWF.csproj" Id="aa5bca40-db01-4045-8592-e2776e3a48b7" />
</Solution>
